
Microsoft Visual Studio Solution File, Format Version 12.00
# Visual Studio Version 16
VisualStudioVersion = 16.0.29009.5
MinimumVisualStudioVersion = 10.0.40219.1
Project("{FAE04EC0-301F-11D3-BF4B-00C04F79EFBC}") = "SystemNobatDehi", "SystemNobatDehi\SystemNobatDehi.csproj", "{058ABAA2-A605-4E8E-98BC-CA51820516F5}"
EndProject
Global
	GlobalSection(SolutionConfigurationPlatforms) = preSolution
		Debug|Any CPU = Debug|Any CPU
		Release|Any CPU = Release|Any CPU
	EndGlobalSection
	GlobalSection(ProjectConfigurationPlatforms) = postSolution
		{058ABAA2-A605-4E8E-98BC-CA51820516F5}.Debug|Any CPU.ActiveCfg = Debug|Any CPU
		{058ABAA2-A605-4E8E-98BC-CA51820516F5}.Debug|Any CPU.Build.0 = Debug|Any CPU
		{058ABAA2-A605-4E8E-98BC-CA51820516F5}.Release|Any CPU.ActiveCfg = Release|Any CPU
		{058ABAA2-A605-4E8E-98BC-CA51820516F5}.Release|Any CPU.Build.0 = Release|Any CPU
	EndGlobalSection
	GlobalSection(SolutionProperties) = preSolution
		HideSolutionNode = FALSE
	EndGlobalSection
	GlobalSection(ExtensibilityGlobals) = postSolution
		SolutionGuid = {095DAB44-3F97-4A72-99B3-ABF2BF0EF78A}
	EndGlobalSection
EndGlobal
